
Microsoft Visual Studio Solution File, Format Version 12.00
# Visual Studio Version 17
VisualStudioVersion = 17.0.31903.59
MinimumVisualStudioVersion = 10.0.40219.1
Project("{2150E333-8FDC-42A3-9474-1A3956D46DE8}") = "src", "src", "{F0B3BDB1-13FB-4940-B60D-D0E0E3F998BB}"
EndProject
Project("{FAE04EC0-301F-11D3-BF4B-00C04F79EFBC}") = "MahoDown.Core", "src\MahoDown.Core\MahoDown.Core.csproj", "{5B760A10-E9D5-4ED1-9BA2-99DAB311E553}"
EndProject
Project("{FAE04EC0-301F-11D3-BF4B-00C04F79EFBC}") = "MahoDown.App", "src\MahoDown.App\MahoDown.App.csproj", "{3DD7DB14-7D3C-4C5C-A84E-6A0035F504F9}"
EndProject
Project("{2150E333-8FDC-42A3-9474-1A3956D46DE8}") = "tests", "tests", "{9E20C0EF-9054-46E9-A6C8-6A443F5D8AFE}"
EndProject
Project("{FAE04EC0-301F-11D3-BF4B-00C04F79EFBC}") = "MahoDown.Core.Tests", "tests\MahoDown.Core.Tests\MahoDown.Core.Tests.csproj", "{E06FFA28-A58C-4E95-AF51-C832C92F0B6D}"
EndProject
Global
	GlobalSection(SolutionConfigurationPlatforms) = preSolution
		Debug|Any CPU = Debug|Any CPU
		Release|Any CPU = Release|Any CPU
	EndGlobalSection
	GlobalSection(SolutionProperties) = preSolution
		HideSolutionNode = FALSE
	EndGlobalSection
	GlobalSection(ProjectConfigurationPlatforms) = postSolution
		{5B760A10-E9D5-4ED1-9BA2-99DAB311E553}.Debug|Any CPU.ActiveCfg = Debug|Any CPU
		{5B760A10-E9D5-4ED1-9BA2-99DAB311E553}.Debug|Any CPU.Build.0 = Debug|Any CPU
		{5B760A10-E9D5-4ED1-9BA2-99DAB311E553}.Release|Any CPU.ActiveCfg = Release|Any CPU
		{5B760A10-E9D5-4ED1-9BA2-99DAB311E553}.Release|Any CPU.Build.0 = Release|Any CPU
		{3DD7DB14-7D3C-4C5C-A84E-6A0035F504F9}.Debug|Any CPU.ActiveCfg = Debug|x64
		{3DD7DB14-7D3C-4C5C-A84E-6A0035F504F9}.Debug|Any CPU.Build.0 = Debug|x64
		{3DD7DB14-7D3C-4C5C-A84E-6A0035F504F9}.Release|Any CPU.ActiveCfg = Release|x64
		{3DD7DB14-7D3C-4C5C-A84E-6A0035F504F9}.Release|Any CPU.Build.0 = Release|x64
		{E06FFA28-A58C-4E95-AF51-C832C92F0B6D}.Debug|Any CPU.ActiveCfg = Debug|x64
		{E06FFA28-A58C-4E95-AF51-C832C92F0B6D}.Debug|Any CPU.Build.0 = Debug|x64
		{E06FFA28-A58C-4E95-AF51-C832C92F0B6D}.Release|Any CPU.ActiveCfg = Release|x64
		{E06FFA28-A58C-4E95-AF51-C832C92F0B6D}.Release|Any CPU.Build.0 = Release|x64
	EndGlobalSection
	GlobalSection(NestedProjects) = preSolution
		{5B760A10-E9D5-4ED1-9BA2-99DAB311E553} = {F0B3BDB1-13FB-4940-B60D-D0E0E3F998BB}
		{3DD7DB14-7D3C-4C5C-A84E-6A0035F504F9} = {F0B3BDB1-13FB-4940-B60D-D0E0E3F998BB}
		{E06FFA28-A58C-4E95-AF51-C832C92F0B6D} = {9E20C0EF-9054-46E9-A6C8-6A443F5D8AFE}
	EndGlobalSection
EndGlobal
